
Microsoft Visual Studio Solution File, Format Version 12.00
Project("{FAE04EC0-301F-11D3-BF4B-00C04F79EFBC}") = "PR_3", "PR_3\PR_3.csproj", "{77B9D579-F676-416E-89AB-643091AEABE8}"
EndProject
Project("{FAE04EC0-301F-11D3-BF4B-00C04F79EFBC}") = "TDD", "TDD\TDD.csproj", "{020A7C0A-E2C8-4796-86F2-1DCB32EB505F}"
EndProject
Project("{FAE04EC0-301F-11D3-BF4B-00C04F79EFBC}") = "MDD", "MDD\MDD.csproj", "{14C3F4DB-3B8C-4AE1-957F-557E9EEE23BF}"
EndProject
Global
	GlobalSection(SolutionConfigurationPlatforms) = preSolution
		Debug|Any CPU = Debug|Any CPU
		Release|Any CPU = Release|Any CPU
	EndGlobalSection
	GlobalSection(ProjectConfigurationPlatforms) = postSolution
		{77B9D579-F676-416E-89AB-643091AEABE8}.Debug|Any CPU.ActiveCfg = Debug|Any CPU
		{77B9D579-F676-416E-89AB-643091AEABE8}.Debug|Any CPU.Build.0 = Debug|Any CPU
		{77B9D579-F676-416E-89AB-643091AEABE8}.Release|Any CPU.ActiveCfg = Release|Any CPU
		{77B9D579-F676-416E-89AB-643091AEABE8}.Release|Any CPU.Build.0 = Release|Any CPU
		{020A7C0A-E2C8-4796-86F2-1DCB32EB505F}.Debug|Any CPU.ActiveCfg = Debug|Any CPU
		{020A7C0A-E2C8-4796-86F2-1DCB32EB505F}.Debug|Any CPU.Build.0 = Debug|Any CPU
		{020A7C0A-E2C8-4796-86F2-1DCB32EB505F}.Release|Any CPU.ActiveCfg = Release|Any CPU
		{020A7C0A-E2C8-4796-86F2-1DCB32EB505F}.Release|Any CPU.Build.0 = Release|Any CPU
		{14C3F4DB-3B8C-4AE1-957F-557E9EEE23BF}.Debug|Any CPU.ActiveCfg = Debug|Any CPU
		{14C3F4DB-3B8C-4AE1-957F-557E9EEE23BF}.Debug|Any CPU.Build.0 = Debug|Any CPU
		{14C3F4DB-3B8C-4AE1-957F-557E9EEE23BF}.Release|Any CPU.ActiveCfg = Release|Any CPU
		{14C3F4DB-3B8C-4AE1-957F-557E9EEE23BF}.Release|Any CPU.Build.0 = Release|Any CPU
	EndGlobalSection
EndGlobal
